# This file is autogenerated, do not edit; changes may be undone by the next 'dep ensure'.


[[projects]]
  digest = "1:9f3b30d9f8e0d7040f729b82dcbc8f0dead820a133b3147ce355fc451f32d761"
  name = "github.com/BurntSushi/toml"
  packages = ["."]
  pruneopts = "UT"
  revision = "3012a1dbe2e4bd1391d42b32f0577cb7bbc7f005"
  version = "v0.3.1"

[[projects]]
  digest = "1:0191479afedbdb85ad324884f4cf71b10fe8985622c0425d6f3bacba2dac302f"
  name = "github.com/alexedwards/scs"
  packages = [
    ".",
    "stores/cookiestore",
  ]
  pruneopts = "UT"
  revision = "cac921d76a577e6c80f3f6bc0857b8eeb650669e"
  version = "v1.4.0"

[[projects]]
  digest = "1:76dc72490af7174349349838f2fe118996381b31ea83243812a97e5a0fd5ed55"
  name = "github.com/dgrijalva/jwt-go"
  packages = ["."]
  pruneopts = "UT"
  revision = "06ea1031745cb8b3dab3f6a236daf2b0aa468b7e"
  version = "v3.2.0"

[[projects]]
  branch = "master"
  digest = "1:4aa0ace914328dd76d6730d49c7095cf737ae9fbd59a235882b0b141efdc6922"
  name = "github.com/hiromaily/golibs"
  packages = [
    "auth/jwt",
    "cipher/encryption",
    "color",
    "files",
    "log",
    "regexp",
    "runtimes",
    "utils",
  ]
  pruneopts = "UT"
  revision = "7b80b7a72dcb10f8321fcfa55b25f965231616fd"

[[projects]]
  branch = "master"
  digest = "1:b921d15b54b61cf5d284f1bbdacd93176c43aaa7ca1329fbbf717cf2ae0b4f07"
  name = "github.com/sherclockholmes/webpush-go"
  packages = ["."]
  pruneopts = "UT"
  revision = "52c6af17b8d924a03af32c85ffe7077b162e3dec"

[[projects]]
  branch = "master"
  digest = "1:64d6a6c182a76b468c5e3802fe5639f2ec04c54400edbb1deb50beb1314f3cd7"
  name = "golang.org/x/crypto"
  packages = [
    "hkdf",
    "internal/subtle",
    "nacl/secretbox",
    "poly1305",
    "salsa20/salsa",
  ]
  pruneopts = "UT"
  revision = "193df9c0f06f8bb35fba505183eaf0acc0136505"

[solve-meta]
  analyzer-name = "dep"
  analyzer-version = 1
  input-imports = [
    "github.com/BurntSushi/toml",
    "github.com/alexedwards/scs",
    "github.com/hiromaily/golibs/auth/jwt",
    "github.com/hiromaily/golibs/cipher/encryption",
    "github.com/hiromaily/golibs/files",
    "github.com/hiromaily/golibs/log",
    "github.com/hiromaily/golibs/utils",
    "github.com/sherclockholmes/webpush-go",
  ]
  solver-name = "gps-cdcl"
  solver-version = 1
